
Microsoft Visual Studio Solution File, Format Version 12.00
# Visual Studio Version 17
VisualStudioVersion = 17.11.35312.102
MinimumVisualStudioVersion = 10.0.40219.1
Project("{FAE04EC0-301F-11D3-BF4B-00C04F79EFBC}") = "rechteck", "rechteck\rechteck.csproj", "{BFD7EDD7-DC50-44B5-8711-9FC495AA8168}"
EndProject
Global
	GlobalSection(SolutionConfigurationPlatforms) = preSolution
		Debug|Any CPU = Debug|Any CPU
		Release|Any CPU = Release|Any CPU
	EndGlobalSection
	GlobalSection(ProjectConfigurationPlatforms) = postSolution
		{BFD7EDD7-DC50-44B5-8711-9FC495AA8168}.Debug|Any CPU.ActiveCfg = Debug|Any CPU
		{BFD7EDD7-DC50-44B5-8711-9FC495AA8168}.Debug|Any CPU.Build.0 = Debug|Any CPU
		{BFD7EDD7-DC50-44B5-8711-9FC495AA8168}.Release|Any CPU.ActiveCfg = Release|Any CPU
		{BFD7EDD7-DC50-44B5-8711-9FC495AA8168}.Release|Any CPU.Build.0 = Release|Any CPU
	EndGlobalSection
	GlobalSection(SolutionProperties) = preSolution
		HideSolutionNode = FALSE
	EndGlobalSection
	GlobalSection(ExtensibilityGlobals) = postSolution
		SolutionGuid = {F17CAEEA-A965-43E1-B6B7-0369BC8F91E1}
	EndGlobalSection
EndGlobal
